
Microsoft Visual Studio Solution File, Format Version 12.00
# Visual Studio Version 17
VisualStudioVersion = 17.9.34728.123
MinimumVisualStudioVersion = 10.0.40219.1
Project("{FAE04EC0-301F-11D3-BF4B-00C04F79EFBC}") = "StudentRecordManagement", "StudentRecordManagement\StudentRecordManagement.csproj", "{BA503A5F-CF0C-45A8-9BDD-D5E93873FD9B}"
EndProject
Global
	GlobalSection(SolutionConfigurationPlatforms) = preSolution
		Debug|Any CPU = Debug|Any CPU
		Release|Any CPU = Release|Any CPU
	EndGlobalSection
	GlobalSection(ProjectConfigurationPlatforms) = postSolution
		{BA503A5F-CF0C-45A8-9BDD-D5E93873FD9B}.Debug|Any CPU.ActiveCfg = Debug|Any CPU
		{BA503A5F-CF0C-45A8-9BDD-D5E93873FD9B}.Debug|Any CPU.Build.0 = Debug|Any CPU
		{BA503A5F-CF0C-45A8-9BDD-D5E93873FD9B}.Release|Any CPU.ActiveCfg = Release|Any CPU
		{BA503A5F-CF0C-45A8-9BDD-D5E93873FD9B}.Release|Any CPU.Build.0 = Release|Any CPU
	EndGlobalSection
	GlobalSection(SolutionProperties) = preSolution
		HideSolutionNode = FALSE
	EndGlobalSection
	GlobalSection(ExtensibilityGlobals) = postSolution
		SolutionGuid = {FAF7A833-DB1F-4131-B5B5-4C0D7EBF41A9}
	EndGlobalSection
EndGlobal
